# This file is automatically @generated by Poetry 1.8.2 and should not be changed by hand.

[[package]]
name = "asgiref"
version = "3.7.2"
description = "ASGI specs, helper code, and adapters"
optional = false
python-versions = ">=3.7"
files = [
    {file = "asgiref-3.7.2-py3-none-any.whl", hash = "sha256:89b2ef2247e3b562a16eef663bc0e2e703ec6468e2fa8a5cd61cd449786d4f6e"},
    {file = "asgiref-3.7.2.tar.gz", hash = "sha256:9e0ce3aa93a819ba5b45120216b23878cf6e8525eb3848653452b4192b92afed"},
]

[package.dependencies]
typing-extensions = {version = ">=4", markers = "python_version < \"3.11\""}

[package.extras]
tests = ["mypy (>=0.800)", "pytest", "pytest-asyncio"]

[[package]]
name = "django"
version = "4.2.11"
description = "A high-level Python web framework that encourages rapid development and clean, pragmatic design."
optional = false
python-versions = ">=3.8"
files = [
    {file = "Django-4.2.11-py3-none-any.whl", hash = "sha256:ddc24a0a8280a0430baa37aff11f28574720af05888c62b7cfe71d219f4599d3"},
    {file = "Django-4.2.11.tar.gz", hash = "sha256:6e6ff3db2d8dd0c986b4eec8554c8e4f919b5c1ff62a5b4390c17aff2ed6e5c4"},
]

[package.dependencies]
asgiref = ">=3.6.0,<4"
sqlparse = ">=0.3.1"
tzdata = {version = "*", markers = "sys_platform == \"win32\""}

[package.extras]
argon2 = ["argon2-cffi (>=19.1.0)"]
bcrypt = ["bcrypt"]

[[package]]
name = "django-admin-inline-paginator"
version = "0.4.0"
description = "The \"Django Admin Inline Paginator\" is simple way to paginate your inline in django admin"
optional = false
python-versions = ">=3.3"
files = [
    {file = "django-admin-inline-paginator-0.4.0.tar.gz", hash = "sha256:e1558b468d347e965c4d25be7f546da6682ea03d95098ae37b90c926edd491b1"},
    {file = "django_admin_inline_paginator-0.4.0-py3-none-any.whl", hash = "sha256:63b2e13dca6b0933f4b7a4d3262c7cb31db8cda19ad005bcbc1c29bba0e95a1a"},
]

[package.dependencies]
django = "*"

[package.extras]
code-quality = ["bandit", "isort", "xenon"]
dev = ["django", "django-mock-queries", "pylint", "pytest", "pytest-cov", "pytest-pylint", "pytest-watch", "tox"]

[[package]]
name = "django-ckeditor"
version = "6.7.1"
description = "Django admin CKEditor integration."
optional = false
python-versions = ">=3.8"
files = [
    {file = "django-ckeditor-6.7.1.tar.gz", hash = "sha256:7144f9ead662306266c728912487313b3b87ba2abf9dbb82c447f662ce25d1f7"},
    {file = "django_ckeditor-6.7.1-py3-none-any.whl", hash = "sha256:55b5f9ce3af47e3c8a8ed37d42be8439da2a664d6e571c2247c1db5c96459dd7"},
]

[package.dependencies]
Django = ">=3.2"
django-js-asset = ">=2.0"

[[package]]
name = "django-js-asset"
version = "2.2.0"
description = "script tag with additional attributes for django.forms.Media"
optional = false
python-versions = ">=3.8"
files = [
    {file = "django_js_asset-2.2.0-py3-none-any.whl", hash = "sha256:7ef3e858e13d06f10799b56eea62b1e76706f42cf4e709be4e13356bc0ae30d8"},
    {file = "django_js_asset-2.2.0.tar.gz", hash = "sha256:0c57a82cae2317e83951d956110ce847f58ff0cdc24e314dbc18b35033917e94"},
]

[package.dependencies]
django = ">=3.2"

[package.extras]
tests = ["coverage"]

[[package]]
name = "django-nested-admin"
version = "4.0.2"
description = "Django admin classes that allow for nested inlines"
optional = false
python-versions = ">=3.6"
files = [
    {file = "django-nested-admin-4.0.2.tar.gz", hash = "sha256:79a5ce80b81c41a0f48f778fb556a3721029df48580bfce60a5962ffa2ef2d47"},
    {file = "django_nested_admin-4.0.2-py3-none-any.whl", hash = "sha256:74d8fc0d0f17862ffcece66d39b8814cb649878b3b6ba8438076145a688ea473"},
]

[package.dependencies]
python-monkey-business = ">=1.0.0"

[package.extras]
dev = ["Pillow", "black", "dj-database-url", "django-selenosis", "flake8", "pytest", "pytest-cov", "pytest-django", "pytest-xdist", "selenium"]
test = ["Pillow", "dj-database-url", "django-selenosis", "pytest", "pytest-cov", "pytest-django", "pytest-xdist", "selenium"]

[[package]]
name = "django-webpack-loader"
version = "3.0.1"
description = "Transparently use webpack with django"
optional = false
python-versions = "*"
files = [
    {file = "django-webpack-loader-3.0.1.tar.gz", hash = "sha256:51331b33da76688eb4d3bf3ea3bb56434b0c1dfb2dcd88cbfb0a39618f68dd7a"},
    {file = "django_webpack_loader-3.0.1-py2.py3-none-any.whl", hash = "sha256:d65b48c46e9e02b66255b1459c1e7a6664b4d3a6874b0b1e9d1d92518e6e999c"},
]

[[package]]
name = "django-widget-tweaks"
version = "1.5.0"
description = "Tweak the form field rendering in templates, not in python-level form definitions."
optional = false
python-versions = ">=3.8"
files = [
    {file = "django-widget-tweaks-1.5.0.tar.gz", hash = "sha256:1c2180681ebb994e922c754804c7ffebbe1245014777ac47897a81f57cc629c7"},
    {file = "django_widget_tweaks-1.5.0-py3-none-any.whl", hash = "sha256:a41b7b2f05bd44d673d11ebd6c09a96f1d013ee98121cb98c384fe84e33b881e"},
]

[[package]]
name = "python-monkey-business"
version = "1.0.0"
description = "Utility functions for monkey-patching python code"
optional = false
python-versions = "*"
files = [
    {file = "python-monkey-business-1.0.0.tar.gz", hash = "sha256:9976522989766f00b2aaa24ec96eacb91a6de7b7001d1452079323b071988e0e"},
    {file = "python_monkey_business-1.0.0-py2.py3-none-any.whl", hash = "sha256:6d4cf47f011945db838ccf04643acd49b82f7ad6ab7ecba4c8165385687a828a"},
]

[package.dependencies]
six = ">=1.7.0"

[[package]]
name = "six"
version = "1.16.0"
description = "Python 2 and 3 compatibility utilities"
optional = false
python-versions = ">=2.7, !=3.0.*, !=3.1.*, !=3.2.*"
files = [
    {file = "six-1.16.0-py2.py3-none-any.whl", hash = "sha256:8abb2f1d86890a2dfb989f9a77cfcfd3e47c2a354b01111771326f8aa26e0254"},
    {file = "six-1.16.0.tar.gz", hash = "sha256:1e61c37477a1626458e36f7b1d82aa5c9b094fa4802892072e49de9c60c4c926"},
]

[[package]]
name = "sqlparse"
version = "0.4.4"
description = "A non-validating SQL parser."
optional = false
python-versions = ">=3.5"
files = [
    {file = "sqlparse-0.4.4-py3-none-any.whl", hash = "sha256:5430a4fe2ac7d0f93e66f1efc6e1338a41884b7ddf2a350cedd20ccc4d9d28f3"},
    {file = "sqlparse-0.4.4.tar.gz", hash = "sha256:d446183e84b8349fa3061f0fe7f06ca94ba65b426946ffebe6e3e8295332420c"},
]

[package.extras]
dev = ["build", "flake8"]
doc = ["sphinx"]
test = ["pytest", "pytest-cov"]

[[package]]
name = "typing-extensions"
version = "4.10.0"
description = "Backported and Experimental Type Hints for Python 3.8+"
optional = false
python-versions = ">=3.8"
files = [
    {file = "typing_extensions-4.10.0-py3-none-any.whl", hash = "sha256:69b1a937c3a517342112fb4c6df7e72fc39a38e7891a5730ed4985b5214b5475"},
    {file = "typing_extensions-4.10.0.tar.gz", hash = "sha256:b0abd7c89e8fb96f98db18d86106ff1d90ab692004eb746cf6eda2682f91b3cb"},
]

[[package]]
name = "tzdata"
version = "2024.1"
description = "Provider of IANA time zone data"
optional = false
python-versions = ">=2"
files = [
    {file = "tzdata-2024.1-py2.py3-none-any.whl", hash = "sha256:9068bc196136463f5245e51efda838afa15aaeca9903f49050dfa2679db4d252"},
    {file = "tzdata-2024.1.tar.gz", hash = "sha256:2674120f8d891909751c38abcdfd386ac0a5a1127954fbc332af6b5ceae07efd"},
]

[[package]]
name = "xlsxwriter"
version = "3.2.0"
description = "A Python module for creating Excel XLSX files."
optional = false
python-versions = ">=3.6"
files = [
    {file = "XlsxWriter-3.2.0-py3-none-any.whl", hash = "sha256:ecfd5405b3e0e228219bcaf24c2ca0915e012ca9464a14048021d21a995d490e"},
    {file = "XlsxWriter-3.2.0.tar.gz", hash = "sha256:9977d0c661a72866a61f9f7a809e25ebbb0fb7036baa3b9fe74afcfca6b3cb8c"},
]

[metadata]
lock-version = "2.0"
python-versions = "^3.10"
content-hash = "4b754e77815de4afeb3ac0b2f95cc8da1942cffe2812d048761665ad258b931a"
